// !$*UTF8*$!
{
	archiveVersion = 1;
	classes = {
	};
	objectVersion = 48;
	objects = {

/* Begin PBXBuildFile section */
		A3045A28203E241B0028F46F /* TestApplication.swift in Sources */ = {isa = PBXBuildFile; fileRef = A3045A27203E241B0028F46F /* TestApplication.swift */; };
		A3045A2A203E26AD0028F46F /* LoginPageObject.swift in Sources */ = {isa = PBXBuildFile; fileRef = A3045A29203E26AD0028F46F /* LoginPageObject.swift */; };
		A3045A2C203E2F420028F46F /* AuthorizationPageObject.swift in Sources */ = {isa = PBXBuildFile; fileRef = A3045A2B203E2F420028F46F /* AuthorizationPageObject.swift */; };
		A38B56D92049CE00008D53A2 /* AppType.swift in Sources */ = {isa = PBXBuildFile; fileRef = A38B56D82049CE00008D53A2 /* AppType.swift */; };
		A39442FB2024D440006022F8 /* LoginTests.swift in Sources */ = {isa = PBXBuildFile; fileRef = A39442FA2024D440006022F8 /* LoginTests.swift */; };
/* End PBXBuildFile section */

/* Begin PBXFileReference section */
		A3045A27203E241B0028F46F /* TestApplication.swift */ = {isa = PBXFileReference; lastKnownFileType = sourcecode.swift; path = TestApplication.swift; sourceTree = "<group>"; };
		A3045A29203E26AD0028F46F /* LoginPageObject.swift */ = {isa = PBXFileReference; lastKnownFileType = sourcecode.swift; path = LoginPageObject.swift; sourceTree = "<group>"; };
		A3045A2B203E2F420028F46F /* AuthorizationPageObject.swift */ = {isa = PBXFileReference; lastKnownFileType = sourcecode.swift; path = AuthorizationPageObject.swift; sourceTree = "<group>"; };
		A34A749F20239B4E00846B32 /* SalesforceMobileSDK-UITest.xctest */ = {isa = PBXFileReference; explicitFileType = wrapper.cfbundle; includeInIndex = 0; path = "SalesforceMobileSDK-UITest.xctest"; sourceTree = BUILT_PRODUCTS_DIR; };
		A38B56D82049CE00008D53A2 /* AppType.swift */ = {isa = PBXFileReference; lastKnownFileType = sourcecode.swift; path = AppType.swift; sourceTree = "<group>"; };
		A39442FA2024D440006022F8 /* LoginTests.swift */ = {isa = PBXFileReference; lastKnownFileType = sourcecode.swift; path = LoginTests.swift; sourceTree = "<group>"; };
		A39F9D4B2024CD5100251414 /* README.md */ = {isa = PBXFileReference; lastKnownFileType = net.daringfireball.markdown; path = README.md; sourceTree = "<group>"; };
/* End PBXFileReference section */

/* Begin PBXFrameworksBuildPhase section */
		A34A749C20239B4E00846B32 /* Frameworks */ = {
			isa = PBXFrameworksBuildPhase;
			buildActionMask = 2147483647;
			files = (
			);
			runOnlyForDeploymentPostprocessing = 0;
		};
/* End PBXFrameworksBuildPhase section */

/* Begin PBXGroup section */
		A3045A26203E23580028F46F /* PageObjects */ = {
			isa = PBXGroup;
			children = (
				A3045A27203E241B0028F46F /* TestApplication.swift */,
				A3045A29203E26AD0028F46F /* LoginPageObject.swift */,
				A3045A2B203E2F420028F46F /* AuthorizationPageObject.swift */,
				A38B56D82049CE00008D53A2 /* AppType.swift */,
			);
			path = PageObjects;
			sourceTree = "<group>";
		};
		A34A746A202281AC00846B32 = {
			isa = PBXGroup;
			children = (
				A3045A26203E23580028F46F /* PageObjects */,
				A39442F92024D3FD006022F8 /* Login */,
				A39F9D4B2024CD5100251414 /* README.md */,
				A34A74A020239B4E00846B32 /* Products */,
			);
			sourceTree = "<group>";
		};
		A34A74A020239B4E00846B32 /* Products */ = {
			isa = PBXGroup;
			children = (
				A34A749F20239B4E00846B32 /* SalesforceMobileSDK-UITest.xctest */,
			);
			name = Products;
			sourceTree = "<group>";
		};
		A39442F92024D3FD006022F8 /* Login */ = {
			isa = PBXGroup;
			children = (
				A39442FA2024D440006022F8 /* LoginTests.swift */,
			);
			path = Login;
			sourceTree = "<group>";
		};
/* End PBXGroup section */

/* Begin PBXNativeTarget section */
		A34A749E20239B4E00846B32 /* SalesforceMobileSDK-UITest */ = {
			isa = PBXNativeTarget;
			buildConfigurationList = A34A74A520239B4E00846B32 /* Build configuration list for PBXNativeTarget "SalesforceMobileSDK-UITest" */;
			buildPhases = (
				A34A749B20239B4E00846B32 /* Sources */,
				A34A749C20239B4E00846B32 /* Frameworks */,
				A34A749D20239B4E00846B32 /* Resources */,
			);
			buildRules = (
			);
			dependencies = (
			);
			name = "SalesforceMobileSDK-UITest";
			productName = MobileSDKUITest;
			productReference = A34A749F20239B4E00846B32 /* SalesforceMobileSDK-UITest.xctest */;
			productType = "com.apple.product-type.bundle.ui-testing";
		};
/* End PBXNativeTarget section */

/* Begin PBXProject section */
		A34A746B202281AC00846B32 /* Project object */ = {
			isa = PBXProject;
			attributes = {
				LastSwiftUpdateCheck = 0920;
				LastUpgradeCheck = 0920;
				TargetAttributes = {
					A34A749E20239B4E00846B32 = {
						CreatedOnToolsVersion = 9.2;
						ProvisioningStyle = Automatic;
					};
				};
			};
			buildConfigurationList = A34A746E202281AC00846B32 /* Build configuration list for PBXProject "SalesforceMobileSDK-UITest" */;
			compatibilityVersion = "Xcode 8.0";
			developmentRegion = en;
			hasScannedForEncodings = 0;
			knownRegions = (
				en,
			);
			mainGroup = A34A746A202281AC00846B32;
			productRefGroup = A34A74A020239B4E00846B32 /* Products */;
			projectDirPath = "";
			projectRoot = "";
			targets = (
				A34A749E20239B4E00846B32 /* SalesforceMobileSDK-UITest */,
			);
		};
/* End PBXProject section */

/* Begin PBXResourcesBuildPhase section */
		A34A749D20239B4E00846B32 /* Resources */ = {
			isa = PBXResourcesBuildPhase;
			buildActionMask = 2147483647;
			files = (
			);
			runOnlyForDeploymentPostprocessing = 0;
		};
/* End PBXResourcesBuildPhase section */

/* Begin PBXSourcesBuildPhase section */
		A34A749B20239B4E00846B32 /* Sources */ = {
			isa = PBXSourcesBuildPhase;
			buildActionMask = 2147483647;
			files = (
				A3045A28203E241B0028F46F /* TestApplication.swift in Sources */,
				A38B56D92049CE00008D53A2 /* AppType.swift in Sources */,
				A3045A2C203E2F420028F46F /* AuthorizationPageObject.swift in Sources */,
				A39442FB2024D440006022F8 /* LoginTests.swift in Sources */,
				A3045A2A203E26AD0028F46F /* LoginPageObject.swift in Sources */,
			);
			runOnlyForDeploymentPostprocessing = 0;
		};
/* End PBXSourcesBuildPhase section */

/* Begin XCBuildConfiguration section */
		A34A746F202281AC00846B32 /* Debug */ = {
			isa = XCBuildConfiguration;
			buildSettings = {
				IPHONEOS_DEPLOYMENT_TARGET = 10.0;
			};
			name = Debug;
		};
		A34A7470202281AC00846B32 /* Release */ = {
			isa = XCBuildConfiguration;
			buildSettings = {
				IPHONEOS_DEPLOYMENT_TARGET = 10.0;
			};
			name = Release;
		};
		A34A74A620239B4E00846B32 /* Debug */ = {
			isa = XCBuildConfiguration;
			buildSettings = {
				ALWAYS_SEARCH_USER_PATHS = NO;
				CLANG_ANALYZER_NONNULL = YES;
				CLANG_ANALYZER_NUMBER_OBJECT_CONVERSION = YES_AGGRESSIVE;
				CLANG_CXX_LANGUAGE_STANDARD = "gnu++14";
				CLANG_CXX_LIBRARY = "libc++";
				CLANG_ENABLE_MODULES = YES;
				CLANG_ENABLE_OBJC_ARC = YES;
				CLANG_WARN_BLOCK_CAPTURE_AUTORELEASING = YES;
				CLANG_WARN_BOOL_CONVERSION = YES;
				CLANG_WARN_COMMA = YES;
				CLANG_WARN_CONSTANT_CONVERSION = YES;
				CLANG_WARN_DIRECT_OBJC_ISA_USAGE = YES_ERROR;
				CLANG_WARN_DOCUMENTATION_COMMENTS = YES;
				CLANG_WARN_EMPTY_BODY = YES;
				CLANG_WARN_ENUM_CONVERSION = YES;
				CLANG_WARN_INFINITE_RECURSION = YES;
				CLANG_WARN_INT_CONVERSION = YES;
				CLANG_WARN_NON_LITERAL_NULL_CONVERSION = YES;
				CLANG_WARN_OBJC_LITERAL_CONVERSION = YES;
				CLANG_WARN_OBJC_ROOT_CLASS = YES_ERROR;
				CLANG_WARN_RANGE_LOOP_ANALYSIS = YES;
				CLANG_WARN_STRICT_PROTOTYPES = YES;
				CLANG_WARN_SUSPICIOUS_MOVE = YES;
				CLANG_WARN_UNGUARDED_AVAILABILITY = YES_AGGRESSIVE;
				CLANG_WARN_UNREACHABLE_CODE = YES;
				CLANG_WARN__DUPLICATE_METHOD_MATCH = YES;
				CODE_SIGN_IDENTITY = "iPhone Developer";
				CODE_SIGN_STYLE = Automatic;
				COPY_PHASE_STRIP = NO;
				DEBUG_INFORMATION_FORMAT = dwarf;
				DEVELOPMENT_TEAM = XD7TD9S6ZU;
				ENABLE_STRICT_OBJC_MSGSEND = YES;
				ENABLE_TESTABILITY = YES;
				GCC_C_LANGUAGE_STANDARD = gnu11;
				GCC_DYNAMIC_NO_PIC = NO;
				GCC_NO_COMMON_BLOCKS = YES;
				GCC_OPTIMIZATION_LEVEL = 0;
				GCC_PREPROCESSOR_DEFINITIONS = "";
				GCC_WARN_64_TO_32_BIT_CONVERSION = YES;
				GCC_WARN_ABOUT_RETURN_TYPE = YES_ERROR;
				GCC_WARN_UNDECLARED_SELECTOR = YES;
				GCC_WARN_UNINITIALIZED_AUTOS = YES_AGGRESSIVE;
				GCC_WARN_UNUSED_FUNCTION = YES;
				GCC_WARN_UNUSED_VARIABLE = YES;
				INFOPLIST_FILE = MobileSDKUITest/Info.plist;
				IPHONEOS_DEPLOYMENT_TARGET = 10.0;
				LD_RUNPATH_SEARCH_PATHS = "$(inherited) @executable_path/Frameworks @loader_path/Frameworks";
				MTL_ENABLE_DEBUG_INFO = YES;
				ONLY_ACTIVE_ARCH = NO;
				PRODUCT_BUNDLE_IDENTIFIER = com.salesforce.MobileSDKUITest;
				PRODUCT_NAME = "$(TARGET_NAME)";
				PROVISIONING_PROFILE = "";
				SDKROOT = iphoneos;
				SUPPORTED_PLATFORMS = "iphonesimulator iphoneos";
				SWIFT_ACTIVE_COMPILATION_CONDITIONS = DEBUG;
				SWIFT_OPTIMIZATION_LEVEL = "-Onone";
				SWIFT_VERSION = 4.0;
				TARGETED_DEVICE_FAMILY = "1,2";
				hkgkh = "";
			};
			name = Debug;
		};
		A34A74A720239B4E00846B32 /* Release */ = {
			isa = XCBuildConfiguration;
			buildSettings = {
				ALWAYS_SEARCH_USER_PATHS = NO;
				CLANG_ANALYZER_NONNULL = YES;
				CLANG_ANALYZER_NUMBER_OBJECT_CONVERSION = YES_AGGRESSIVE;
				CLANG_CXX_LANGUAGE_STANDARD = "gnu++14";
				CLANG_CXX_LIBRARY = "libc++";
				CLANG_ENABLE_MODULES = YES;
				CLANG_ENABLE_OBJC_ARC = YES;
				CLANG_WARN_BLOCK_CAPTURE_AUTORELEASING = YES;
				CLANG_WARN_BOOL_CONVERSION = YES;
				CLANG_WARN_COMMA = YES;
				CLANG_WARN_CONSTANT_CONVERSION = YES;
				CLANG_WARN_DIRECT_OBJC_ISA_USAGE = YES_ERROR;
				CLANG_WARN_DOCUMENTATION_COMMENTS = YES;
				CLANG_WARN_EMPTY_BODY = YES;
				CLANG_WARN_ENUM_CONVERSION = YES;
				CLANG_WARN_INFINITE_RECURSION = YES;
				CLANG_WARN_INT_CONVERSION = YES;
				CLANG_WARN_NON_LITERAL_NULL_CONVERSION = YES;
				CLANG_WARN_OBJC_LITERAL_CONVERSION = YES;
				CLANG_WARN_OBJC_ROOT_CLASS = YES_ERROR;
				CLANG_WARN_RANGE_LOOP_ANALYSIS = YES;
				CLANG_WARN_STRICT_PROTOTYPES = YES;
				CLANG_WARN_SUSPICIOUS_MOVE = YES;
				CLANG_WARN_UNGUARDED_AVAILABILITY = YES_AGGRESSIVE;
				CLANG_WARN_UNREACHABLE_CODE = YES;
				CLANG_WARN__DUPLICATE_METHOD_MATCH = YES;
				CODE_SIGN_IDENTITY = "iPhone Developer";
				CODE_SIGN_STYLE = Automatic;
				COPY_PHASE_STRIP = NO;
				DEBUG_INFORMATION_FORMAT = "dwarf-with-dsym";
				DEVELOPMENT_TEAM = XD7TD9S6ZU;
				ENABLE_NS_ASSERTIONS = NO;
				ENABLE_STRICT_OBJC_MSGSEND = YES;
				GCC_C_LANGUAGE_STANDARD = gnu11;
				GCC_NO_COMMON_BLOCKS = YES;
				GCC_PREPROCESSOR_DEFINITIONS = "";
				GCC_WARN_64_TO_32_BIT_CONVERSION = YES;
				GCC_WARN_ABOUT_RETURN_TYPE = YES_ERROR;
				GCC_WARN_UNDECLARED_SELECTOR = YES;
				GCC_WARN_UNINITIALIZED_AUTOS = YES_AGGRESSIVE;
				GCC_WARN_UNUSED_FUNCTION = YES;
				GCC_WARN_UNUSED_VARIABLE = YES;
				INFOPLIST_FILE = MobileSDKUITest/Info.plist;
				IPHONEOS_DEPLOYMENT_TARGET = 10.0;
				LD_RUNPATH_SEARCH_PATHS = "$(inherited) @executable_path/Frameworks @loader_path/Frameworks";
				MTL_ENABLE_DEBUG_INFO = NO;
				ONLY_ACTIVE_ARCH = NO;
				PRODUCT_BUNDLE_IDENTIFIER = com.salesforce.MobileSDKUITest;
				PRODUCT_NAME = "$(TARGET_NAME)";
				PROVISIONING_PROFILE = "";
				SDKROOT = iphoneos;
				SUPPORTED_PLATFORMS = "iphonesimulator iphoneos";
				SWIFT_OPTIMIZATION_LEVEL = "-Owholemodule";
				SWIFT_VERSION = 4.0;
				TARGETED_DEVICE_FAMILY = "1,2";
				VALIDATE_PRODUCT = YES;
				hkgkh = "";
			};
			name = Release;
		};
/* End XCBuildConfiguration section */

/* Begin XCConfigurationList section */
		A34A746E202281AC00846B32 /* Build configuration list for PBXProject "SalesforceMobileSDK-UITest" */ = {
			isa = XCConfigurationList;
			buildConfigurations = (
				A34A746F202281AC00846B32 /* Debug */,
				A34A7470202281AC00846B32 /* Release */,
			);
			defaultConfigurationIsVisible = 0;
			defaultConfigurationName = Release;
		};
		A34A74A520239B4E00846B32 /* Build configuration list for PBXNativeTarget "SalesforceMobileSDK-UITest" */ = {
			isa = XCConfigurationList;
			buildConfigurations = (
				A34A74A620239B4E00846B32 /* Debug */,
				A34A74A720239B4E00846B32 /* Release */,
			);
			defaultConfigurationIsVisible = 0;
			defaultConfigurationName = Release;
		};
/* End XCConfigurationList section */
	};
	rootObject = A34A746B202281AC00846B32 /* Project object */;
}
